
Microsoft Visual Studio Solution File, Format Version 12.00
Project("{FAE04EC0-301F-11D3-BF4B-00C04F79EFBC}") = "StorySpoiler", "StorySpoiler\StorySpoiler.csproj", "{8CCC4BA7-08BB-41CF-8D06-A9C5317C964F}"
EndProject
Global
	GlobalSection(SolutionConfigurationPlatforms) = preSolution
		Debug|Any CPU = Debug|Any CPU
		Release|Any CPU = Release|Any CPU
	EndGlobalSection
	GlobalSection(ProjectConfigurationPlatforms) = postSolution
		{8CCC4BA7-08BB-41CF-8D06-A9C5317C964F}.Debug|Any CPU.ActiveCfg = Debug|Any CPU
		{8CCC4BA7-08BB-41CF-8D06-A9C5317C964F}.Debug|Any CPU.Build.0 = Debug|Any CPU
		{8CCC4BA7-08BB-41CF-8D06-A9C5317C964F}.Release|Any CPU.ActiveCfg = Release|Any CPU
		{8CCC4BA7-08BB-41CF-8D06-A9C5317C964F}.Release|Any CPU.Build.0 = Release|Any CPU
	EndGlobalSection
EndGlobal
